{
  "requires": true,
  "lockfileVersion": 1,
  "dependencies": {
    "ngx-pagination": {
      "version": "3.1.0",
      "resolved": "https://registry.npmjs.org/ngx-pagination/-/ngx-pagination-3.1.0.tgz",
      "integrity": "sha512-D/8Is3z0nipHCCQN0XZyh5/nhSrON/ybft3Wk8dfPHMGtjqzoOSorNaanypO35JD/jECcam/cS/evjlaqDAgQg=="
    }
  }
}
